
Microsoft Visual Studio Solution File, Format Version 11.00
# Visual Studio 2010
Project("{FAE04EC0-301F-11D3-BF4B-00C04F79EFBC}") = "TuDien_AV", "TuDien_AV\TuDien_AV.csproj", "{FBF3DC33-AD17-44CA-BBA5-86D38F8458FE}"
EndProject
Project("{6141683F-8A12-4E36-9623-2EB02B2C2303}") = "My Dictionary", "My Dictionary\My Dictionary.isproj", "{75D36C7F-104D-430B-9994-B6BAB9E5FC49}"
EndProject
Global
	GlobalSection(SolutionConfigurationPlatforms) = preSolution
		CD_ROM|x86 = CD_ROM|x86
		Debug|x86 = Debug|x86
		DVD-5|x86 = DVD-5|x86
		Release|x86 = Release|x86
		SingleImage|x86 = SingleImage|x86
	EndGlobalSection
	GlobalSection(ProjectConfigurationPlatforms) = postSolution
		{FBF3DC33-AD17-44CA-BBA5-86D38F8458FE}.CD_ROM|x86.ActiveCfg = Release|x86
		{FBF3DC33-AD17-44CA-BBA5-86D38F8458FE}.CD_ROM|x86.Build.0 = Release|x86
		{FBF3DC33-AD17-44CA-BBA5-86D38F8458FE}.Debug|x86.ActiveCfg = Debug|x86
		{FBF3DC33-AD17-44CA-BBA5-86D38F8458FE}.Debug|x86.Build.0 = Debug|x86
		{FBF3DC33-AD17-44CA-BBA5-86D38F8458FE}.DVD-5|x86.ActiveCfg = Debug|x86
		{FBF3DC33-AD17-44CA-BBA5-86D38F8458FE}.DVD-5|x86.Build.0 = Debug|x86
		{FBF3DC33-AD17-44CA-BBA5-86D38F8458FE}.Release|x86.ActiveCfg = Release|x86
		{FBF3DC33-AD17-44CA-BBA5-86D38F8458FE}.Release|x86.Build.0 = Release|x86
		{FBF3DC33-AD17-44CA-BBA5-86D38F8458FE}.SingleImage|x86.ActiveCfg = Release|x86
		{FBF3DC33-AD17-44CA-BBA5-86D38F8458FE}.SingleImage|x86.Build.0 = Release|x86
		{75D36C7F-104D-430B-9994-B6BAB9E5FC49}.CD_ROM|x86.ActiveCfg = CD_ROM
		{75D36C7F-104D-430B-9994-B6BAB9E5FC49}.CD_ROM|x86.Build.0 = CD_ROM
		{75D36C7F-104D-430B-9994-B6BAB9E5FC49}.Debug|x86.ActiveCfg = DVD-5
		{75D36C7F-104D-430B-9994-B6BAB9E5FC49}.Debug|x86.Build.0 = DVD-5
		{75D36C7F-104D-430B-9994-B6BAB9E5FC49}.DVD-5|x86.ActiveCfg = DVD-5
		{75D36C7F-104D-430B-9994-B6BAB9E5FC49}.DVD-5|x86.Build.0 = DVD-5
		{75D36C7F-104D-430B-9994-B6BAB9E5FC49}.Release|x86.ActiveCfg = SingleImage
		{75D36C7F-104D-430B-9994-B6BAB9E5FC49}.Release|x86.Build.0 = SingleImage
		{75D36C7F-104D-430B-9994-B6BAB9E5FC49}.SingleImage|x86.ActiveCfg = SingleImage
		{75D36C7F-104D-430B-9994-B6BAB9E5FC49}.SingleImage|x86.Build.0 = SingleImage
	EndGlobalSection
	GlobalSection(SolutionProperties) = preSolution
		HideSolutionNode = FALSE
	EndGlobalSection
EndGlobal
