
Microsoft Visual Studio Solution File, Format Version 11.00
# Visual Studio 2010
Project("{FAE04EC0-301F-11D3-BF4B-00C04F79EFBC}") = "Picture", "Picture\Picture.csproj", "{1E54C8A7-8F38-42CB-8243-3F8E9A3EF0EF}"
EndProject
Global
	GlobalSection(SolutionConfigurationPlatforms) = preSolution
		Debug|x86 = Debug|x86
		Release|x86 = Release|x86
	EndGlobalSection
	GlobalSection(ProjectConfigurationPlatforms) = postSolution
		{1E54C8A7-8F38-42CB-8243-3F8E9A3EF0EF}.Debug|x86.ActiveCfg = Debug|x86
		{1E54C8A7-8F38-42CB-8243-3F8E9A3EF0EF}.Debug|x86.Build.0 = Debug|x86
		{1E54C8A7-8F38-42CB-8243-3F8E9A3EF0EF}.Release|x86.ActiveCfg = Release|x86
		{1E54C8A7-8F38-42CB-8243-3F8E9A3EF0EF}.Release|x86.Build.0 = Release|x86
	EndGlobalSection
	GlobalSection(SolutionProperties) = preSolution
		HideSolutionNode = FALSE
	EndGlobalSection
EndGlobal
