
Microsoft Visual Studio Solution File, Format Version 10.00
# Visual Studio 2008
Project("{FAE04EC0-301F-11D3-BF4B-00C04F79EFBC}") = "timer", "timer\timer.csproj", "{975B1BAA-852F-4DEE-AC99-B55F6E77E32F}"
EndProject
Global
	GlobalSection(SolutionConfigurationPlatforms) = preSolution
		Debug|Any CPU = Debug|Any CPU
		Release|Any CPU = Release|Any CPU
	EndGlobalSection
	GlobalSection(ProjectConfigurationPlatforms) = postSolution
		{975B1BAA-852F-4DEE-AC99-B55F6E77E32F}.Debug|Any CPU.ActiveCfg = Debug|Any CPU
		{975B1BAA-852F-4DEE-AC99-B55F6E77E32F}.Debug|Any CPU.Build.0 = Debug|Any CPU
		{975B1BAA-852F-4DEE-AC99-B55F6E77E32F}.Release|Any CPU.ActiveCfg = Release|Any CPU
		{975B1BAA-852F-4DEE-AC99-B55F6E77E32F}.Release|Any CPU.Build.0 = Release|Any CPU
	EndGlobalSection
	GlobalSection(SolutionProperties) = preSolution
		HideSolutionNode = FALSE
	EndGlobalSection
EndGlobal
