
Microsoft Visual Studio Solution File, Format Version 11.00
# Visual Studio 2010
Project("{FAE04EC0-301F-11D3-BF4B-00C04F79EFBC}") = "thu2222", "thu2222\thu2222.csproj", "{02A34E96-D302-42CB-8002-8D0349C91D6C}"
EndProject
Global
	GlobalSection(SolutionConfigurationPlatforms) = preSolution
		Debug|x86 = Debug|x86
		Release|x86 = Release|x86
	EndGlobalSection
	GlobalSection(ProjectConfigurationPlatforms) = postSolution
		{02A34E96-D302-42CB-8002-8D0349C91D6C}.Debug|x86.ActiveCfg = Debug|x86
		{02A34E96-D302-42CB-8002-8D0349C91D6C}.Debug|x86.Build.0 = Debug|x86
		{02A34E96-D302-42CB-8002-8D0349C91D6C}.Release|x86.ActiveCfg = Release|x86
		{02A34E96-D302-42CB-8002-8D0349C91D6C}.Release|x86.Build.0 = Release|x86
	EndGlobalSection
	GlobalSection(SolutionProperties) = preSolution
		HideSolutionNode = FALSE
	EndGlobalSection
EndGlobal
