
Microsoft Visual Studio Solution File, Format Version 11.00
# Visual Studio 2010
Project("{FAE04EC0-301F-11D3-BF4B-00C04F79EFBC}") = "thunghiemsercong", "thunghiemsercong\thunghiemsercong.csproj", "{D634C426-19E0-40D0-AE23-5BC699584ACA}"
EndProject
Project("{FAE04EC0-301F-11D3-BF4B-00C04F79EFBC}") = "cong", "cong\cong.csproj", "{55286EAB-E096-4AC1-92BB-2E50DF2F729A}"
EndProject
Global
	GlobalSection(SolutionConfigurationPlatforms) = preSolution
		Debug|Any CPU = Debug|Any CPU
		Debug|Mixed Platforms = Debug|Mixed Platforms
		Debug|x86 = Debug|x86
		Release|Any CPU = Release|Any CPU
		Release|Mixed Platforms = Release|Mixed Platforms
		Release|x86 = Release|x86
	EndGlobalSection
	GlobalSection(ProjectConfigurationPlatforms) = postSolution
		{D634C426-19E0-40D0-AE23-5BC699584ACA}.Debug|Any CPU.ActiveCfg = Debug|Any CPU
		{D634C426-19E0-40D0-AE23-5BC699584ACA}.Debug|Any CPU.Build.0 = Debug|Any CPU
		{D634C426-19E0-40D0-AE23-5BC699584ACA}.Debug|Mixed Platforms.ActiveCfg = Debug|Any CPU
		{D634C426-19E0-40D0-AE23-5BC699584ACA}.Debug|Mixed Platforms.Build.0 = Debug|Any CPU
		{D634C426-19E0-40D0-AE23-5BC699584ACA}.Debug|x86.ActiveCfg = Debug|Any CPU
		{D634C426-19E0-40D0-AE23-5BC699584ACA}.Release|Any CPU.ActiveCfg = Release|Any CPU
		{D634C426-19E0-40D0-AE23-5BC699584ACA}.Release|Any CPU.Build.0 = Release|Any CPU
		{D634C426-19E0-40D0-AE23-5BC699584ACA}.Release|Mixed Platforms.ActiveCfg = Release|Any CPU
		{D634C426-19E0-40D0-AE23-5BC699584ACA}.Release|Mixed Platforms.Build.0 = Release|Any CPU
		{D634C426-19E0-40D0-AE23-5BC699584ACA}.Release|x86.ActiveCfg = Release|Any CPU
		{55286EAB-E096-4AC1-92BB-2E50DF2F729A}.Debug|Any CPU.ActiveCfg = Debug|x86
		{55286EAB-E096-4AC1-92BB-2E50DF2F729A}.Debug|Mixed Platforms.ActiveCfg = Debug|x86
		{55286EAB-E096-4AC1-92BB-2E50DF2F729A}.Debug|Mixed Platforms.Build.0 = Debug|x86
		{55286EAB-E096-4AC1-92BB-2E50DF2F729A}.Debug|x86.ActiveCfg = Debug|x86
		{55286EAB-E096-4AC1-92BB-2E50DF2F729A}.Debug|x86.Build.0 = Debug|x86
		{55286EAB-E096-4AC1-92BB-2E50DF2F729A}.Release|Any CPU.ActiveCfg = Release|x86
		{55286EAB-E096-4AC1-92BB-2E50DF2F729A}.Release|Mixed Platforms.ActiveCfg = Release|x86
		{55286EAB-E096-4AC1-92BB-2E50DF2F729A}.Release|Mixed Platforms.Build.0 = Release|x86
		{55286EAB-E096-4AC1-92BB-2E50DF2F729A}.Release|x86.ActiveCfg = Release|x86
		{55286EAB-E096-4AC1-92BB-2E50DF2F729A}.Release|x86.Build.0 = Release|x86
	EndGlobalSection
	GlobalSection(SolutionProperties) = preSolution
		HideSolutionNode = FALSE
	EndGlobalSection
EndGlobal
