
Microsoft Visual Studio Solution File, Format Version 11.00
# Visual Studio 2010
Project("{FAE04EC0-301F-11D3-BF4B-00C04F79EFBC}") = "Public", "Public\Public.csproj", "{8EB18B39-5E13-4836-980B-109DD13EC8D5}"
EndProject
Project("{FAE04EC0-301F-11D3-BF4B-00C04F79EFBC}") = "DAL", "DAL\DAL.csproj", "{2CD9788D-85D4-4621-BF75-A8C5BBBA80CB}"
EndProject
Project("{FAE04EC0-301F-11D3-BF4B-00C04F79EFBC}") = "BUL", "BUL\BUL.csproj", "{8452547D-0CBB-4AF5-853D-B433AB6E5C3D}"
EndProject
Project("{FAE04EC0-301F-11D3-BF4B-00C04F79EFBC}") = "QuanLySV", "QuanLySV\QuanLySV.csproj", "{0658695A-3EB0-45DA-A7A6-6AD120FB24AC}"
EndProject
Global
	GlobalSection(SolutionConfigurationPlatforms) = preSolution
		Debug|Any CPU = Debug|Any CPU
		Debug|Mixed Platforms = Debug|Mixed Platforms
		Debug|x86 = Debug|x86
		Release|Any CPU = Release|Any CPU
		Release|Mixed Platforms = Release|Mixed Platforms
		Release|x86 = Release|x86
	EndGlobalSection
	GlobalSection(ProjectConfigurationPlatforms) = postSolution
		{8EB18B39-5E13-4836-980B-109DD13EC8D5}.Debug|Any CPU.ActiveCfg = Debug|Any CPU
		{8EB18B39-5E13-4836-980B-109DD13EC8D5}.Debug|Any CPU.Build.0 = Debug|Any CPU
		{8EB18B39-5E13-4836-980B-109DD13EC8D5}.Debug|Mixed Platforms.ActiveCfg = Debug|Any CPU
		{8EB18B39-5E13-4836-980B-109DD13EC8D5}.Debug|Mixed Platforms.Build.0 = Debug|Any CPU
		{8EB18B39-5E13-4836-980B-109DD13EC8D5}.Debug|x86.ActiveCfg = Debug|Any CPU
		{8EB18B39-5E13-4836-980B-109DD13EC8D5}.Release|Any CPU.ActiveCfg = Release|Any CPU
		{8EB18B39-5E13-4836-980B-109DD13EC8D5}.Release|Any CPU.Build.0 = Release|Any CPU
		{8EB18B39-5E13-4836-980B-109DD13EC8D5}.Release|Mixed Platforms.ActiveCfg = Release|Any CPU
		{8EB18B39-5E13-4836-980B-109DD13EC8D5}.Release|Mixed Platforms.Build.0 = Release|Any CPU
		{8EB18B39-5E13-4836-980B-109DD13EC8D5}.Release|x86.ActiveCfg = Release|Any CPU
		{2CD9788D-85D4-4621-BF75-A8C5BBBA80CB}.Debug|Any CPU.ActiveCfg = Debug|Any CPU
		{2CD9788D-85D4-4621-BF75-A8C5BBBA80CB}.Debug|Any CPU.Build.0 = Debug|Any CPU
		{2CD9788D-85D4-4621-BF75-A8C5BBBA80CB}.Debug|Mixed Platforms.ActiveCfg = Debug|Any CPU
		{2CD9788D-85D4-4621-BF75-A8C5BBBA80CB}.Debug|Mixed Platforms.Build.0 = Debug|Any CPU
		{2CD9788D-85D4-4621-BF75-A8C5BBBA80CB}.Debug|x86.ActiveCfg = Debug|Any CPU
		{2CD9788D-85D4-4621-BF75-A8C5BBBA80CB}.Release|Any CPU.ActiveCfg = Release|Any CPU
		{2CD9788D-85D4-4621-BF75-A8C5BBBA80CB}.Release|Any CPU.Build.0 = Release|Any CPU
		{2CD9788D-85D4-4621-BF75-A8C5BBBA80CB}.Release|Mixed Platforms.ActiveCfg = Release|Any CPU
		{2CD9788D-85D4-4621-BF75-A8C5BBBA80CB}.Release|Mixed Platforms.Build.0 = Release|Any CPU
		{2CD9788D-85D4-4621-BF75-A8C5BBBA80CB}.Release|x86.ActiveCfg = Release|Any CPU
		{8452547D-0CBB-4AF5-853D-B433AB6E5C3D}.Debug|Any CPU.ActiveCfg = Debug|Any CPU
		{8452547D-0CBB-4AF5-853D-B433AB6E5C3D}.Debug|Any CPU.Build.0 = Debug|Any CPU
		{8452547D-0CBB-4AF5-853D-B433AB6E5C3D}.Debug|Mixed Platforms.ActiveCfg = Debug|Any CPU
		{8452547D-0CBB-4AF5-853D-B433AB6E5C3D}.Debug|Mixed Platforms.Build.0 = Debug|Any CPU
		{8452547D-0CBB-4AF5-853D-B433AB6E5C3D}.Debug|x86.ActiveCfg = Debug|Any CPU
		{8452547D-0CBB-4AF5-853D-B433AB6E5C3D}.Release|Any CPU.ActiveCfg = Release|Any CPU
		{8452547D-0CBB-4AF5-853D-B433AB6E5C3D}.Release|Any CPU.Build.0 = Release|Any CPU
		{8452547D-0CBB-4AF5-853D-B433AB6E5C3D}.Release|Mixed Platforms.ActiveCfg = Release|Any CPU
		{8452547D-0CBB-4AF5-853D-B433AB6E5C3D}.Release|Mixed Platforms.Build.0 = Release|Any CPU
		{8452547D-0CBB-4AF5-853D-B433AB6E5C3D}.Release|x86.ActiveCfg = Release|Any CPU
		{0658695A-3EB0-45DA-A7A6-6AD120FB24AC}.Debug|Any CPU.ActiveCfg = Debug|x86
		{0658695A-3EB0-45DA-A7A6-6AD120FB24AC}.Debug|Mixed Platforms.ActiveCfg = Debug|x86
		{0658695A-3EB0-45DA-A7A6-6AD120FB24AC}.Debug|Mixed Platforms.Build.0 = Debug|x86
		{0658695A-3EB0-45DA-A7A6-6AD120FB24AC}.Debug|x86.ActiveCfg = Debug|x86
		{0658695A-3EB0-45DA-A7A6-6AD120FB24AC}.Debug|x86.Build.0 = Debug|x86
		{0658695A-3EB0-45DA-A7A6-6AD120FB24AC}.Release|Any CPU.ActiveCfg = Release|x86
		{0658695A-3EB0-45DA-A7A6-6AD120FB24AC}.Release|Mixed Platforms.ActiveCfg = Release|x86
		{0658695A-3EB0-45DA-A7A6-6AD120FB24AC}.Release|Mixed Platforms.Build.0 = Release|x86
		{0658695A-3EB0-45DA-A7A6-6AD120FB24AC}.Release|x86.ActiveCfg = Release|x86
		{0658695A-3EB0-45DA-A7A6-6AD120FB24AC}.Release|x86.Build.0 = Release|x86
	EndGlobalSection
	GlobalSection(SolutionProperties) = preSolution
		HideSolutionNode = FALSE
	EndGlobalSection
EndGlobal
