
Microsoft Visual Studio Solution File, Format Version 12.00
# Visual Studio 2013
VisualStudioVersion = 12.0.21005.1
MinimumVisualStudioVersion = 10.0.40219.1
Project("{FAE04EC0-301F-11D3-BF4B-00C04F79EFBC}") = "Screen_Lock", "Screen_Lock\Screen_Lock.csproj", "{06346030-0670-4B03-81F5-796013CDF502}"
EndProject
Global
	GlobalSection(SolutionConfigurationPlatforms) = preSolution
		Debug|Any CPU = Debug|Any CPU
		Release|Any CPU = Release|Any CPU
	EndGlobalSection
	GlobalSection(ProjectConfigurationPlatforms) = postSolution
		{06346030-0670-4B03-81F5-796013CDF502}.Debug|Any CPU.ActiveCfg = Debug|Any CPU
		{06346030-0670-4B03-81F5-796013CDF502}.Debug|Any CPU.Build.0 = Debug|Any CPU
		{06346030-0670-4B03-81F5-796013CDF502}.Release|Any CPU.ActiveCfg = Release|Any CPU
		{06346030-0670-4B03-81F5-796013CDF502}.Release|Any CPU.Build.0 = Release|Any CPU
	EndGlobalSection
	GlobalSection(SolutionProperties) = preSolution
		HideSolutionNode = FALSE
	EndGlobalSection
EndGlobal
